
Microsoft Visual Studio Solution File, Format Version 12.00
# Visual Studio Version 17
VisualStudioVersion = 17.3.32811.315
MinimumVisualStudioVersion = 10.0.40219.1
Project("{FAE04EC0-301F-11D3-BF4B-00C04F79EFBC}") = "SerilogDemo", "SerilogDemo\SerilogDemo.csproj", "{84748149-084C-4E28-986A-A05F0467FD86}"
EndProject
Global
	GlobalSection(SolutionConfigurationPlatforms) = preSolution
		Debug|Any CPU = Debug|Any CPU
		Release|Any CPU = Release|Any CPU
	EndGlobalSection
	GlobalSection(ProjectConfigurationPlatforms) = postSolution
		{84748149-084C-4E28-986A-A05F0467FD86}.Debug|Any CPU.ActiveCfg = Debug|Any CPU
		{84748149-084C-4E28-986A-A05F0467FD86}.Debug|Any CPU.Build.0 = Debug|Any CPU
		{84748149-084C-4E28-986A-A05F0467FD86}.Release|Any CPU.ActiveCfg = Release|Any CPU
		{84748149-084C-4E28-986A-A05F0467FD86}.Release|Any CPU.Build.0 = Release|Any CPU
	EndGlobalSection
	GlobalSection(SolutionProperties) = preSolution
		HideSolutionNode = FALSE
	EndGlobalSection
	GlobalSection(ExtensibilityGlobals) = postSolution
		SolutionGuid = {98EDF5E3-8933-48BC-A576-B734829ED64F}
	EndGlobalSection
EndGlobal
